
Microsoft Visual Studio Solution File, Format Version 12.00
# Visual Studio Version 17
VisualStudioVersion = 17.1.32228.430
MinimumVisualStudioVersion = 10.0.40219.1
Project("{FAE04EC0-301F-11D3-BF4B-00C04F79EFBC}") = "ShoppingCartApp", "ShoppingCartApp\ShoppingCartApp.csproj", "{C48177FF-FE85-4609-84BF-C92A046FA282}"
EndProject
Project("{FAE04EC0-301F-11D3-BF4B-00C04F79EFBC}") = "ShoppingLibrary", "ShoppingLibrary\ShoppingLibrary.csproj", "{82DCAEC7-27E7-4E14-A4DE-E1693DE0582A}"
EndProject
Global
	GlobalSection(SolutionConfigurationPlatforms) = preSolution
		Debug|Any CPU = Debug|Any CPU
		Release|Any CPU = Release|Any CPU
	EndGlobalSection
	GlobalSection(ProjectConfigurationPlatforms) = postSolution
		{C48177FF-FE85-4609-84BF-C92A046FA282}.Debug|Any CPU.ActiveCfg = Debug|Any CPU
		{C48177FF-FE85-4609-84BF-C92A046FA282}.Debug|Any CPU.Build.0 = Debug|Any CPU
		{C48177FF-FE85-4609-84BF-C92A046FA282}.Release|Any CPU.ActiveCfg = Release|Any CPU
		{C48177FF-FE85-4609-84BF-C92A046FA282}.Release|Any CPU.Build.0 = Release|Any CPU
		{82DCAEC7-27E7-4E14-A4DE-E1693DE0582A}.Debug|Any CPU.ActiveCfg = Debug|Any CPU
		{82DCAEC7-27E7-4E14-A4DE-E1693DE0582A}.Debug|Any CPU.Build.0 = Debug|Any CPU
		{82DCAEC7-27E7-4E14-A4DE-E1693DE0582A}.Release|Any CPU.ActiveCfg = Release|Any CPU
		{82DCAEC7-27E7-4E14-A4DE-E1693DE0582A}.Release|Any CPU.Build.0 = Release|Any CPU
	EndGlobalSection
	GlobalSection(SolutionProperties) = preSolution
		HideSolutionNode = FALSE
	EndGlobalSection
	GlobalSection(ExtensibilityGlobals) = postSolution
		SolutionGuid = {2FCB8EDD-C34E-4FD1-9D4E-F72553987707}
	EndGlobalSection
EndGlobal
